
Microsoft Visual Studio Solution File, Format Version 12.00
# Visual Studio Version 16
VisualStudioVersion = 16.0.32106.194
MinimumVisualStudioVersion = 10.0.40219.1
Project("{FAE04EC0-301F-11D3-BF4B-00C04F79EFBC}") = "OgrenciNotMvc", "OgrenciNotMvc\OgrenciNotMvc.csproj", "{7DDAFC6B-4DA7-4EA6-AD07-04CC7A1A6B6A}"
EndProject
Global
	GlobalSection(SolutionConfigurationPlatforms) = preSolution
		Debug|Any CPU = Debug|Any CPU
		Release|Any CPU = Release|Any CPU
	EndGlobalSection
	GlobalSection(ProjectConfigurationPlatforms) = postSolution
		{7DDAFC6B-4DA7-4EA6-AD07-04CC7A1A6B6A}.Debug|Any CPU.ActiveCfg = Debug|Any CPU
		{7DDAFC6B-4DA7-4EA6-AD07-04CC7A1A6B6A}.Debug|Any CPU.Build.0 = Debug|Any CPU
		{7DDAFC6B-4DA7-4EA6-AD07-04CC7A1A6B6A}.Release|Any CPU.ActiveCfg = Release|Any CPU
		{7DDAFC6B-4DA7-4EA6-AD07-04CC7A1A6B6A}.Release|Any CPU.Build.0 = Release|Any CPU
	EndGlobalSection
	GlobalSection(SolutionProperties) = preSolution
		HideSolutionNode = FALSE
	EndGlobalSection
	GlobalSection(ExtensibilityGlobals) = postSolution
		SolutionGuid = {8A60B1E8-0B93-4349-942A-9CF5F02B3F73}
	EndGlobalSection
EndGlobal
